
Microsoft Visual Studio Solution File, Format Version 12.00
# Visual Studio Version 17
VisualStudioVersion = 17.13.35931.197
MinimumVisualStudioVersion = 10.0.40219.1
Project("{FAE04EC0-301F-11D3-BF4B-00C04F79EFBC}") = "WebApplication", "WebApplication\WebApplication.csproj", "{324ADCBD-3326-4593-B107-A499C7FD8FC5}"
EndProject
Project("{FAE04EC0-301F-11D3-BF4B-00C04F79EFBC}") = "WebApplication.Tests", "WebApplication.Tests\WebApplication.Tests.csproj", "{B60967B5-8CCE-48FF-BDBD-B876C6519E1C}"
EndProject
Global
	GlobalSection(SolutionConfigurationPlatforms) = preSolution
		Debug|Any CPU = Debug|Any CPU
		Release|Any CPU = Release|Any CPU
	EndGlobalSection
	GlobalSection(ProjectConfigurationPlatforms) = postSolution
		{324ADCBD-3326-4593-B107-A499C7FD8FC5}.Debug|Any CPU.ActiveCfg = Debug|Any CPU
		{324ADCBD-3326-4593-B107-A499C7FD8FC5}.Debug|Any CPU.Build.0 = Debug|Any CPU
		{324ADCBD-3326-4593-B107-A499C7FD8FC5}.Release|Any CPU.ActiveCfg = Release|Any CPU
		{324ADCBD-3326-4593-B107-A499C7FD8FC5}.Release|Any CPU.Build.0 = Release|Any CPU
		{B60967B5-8CCE-48FF-BDBD-B876C6519E1C}.Debug|Any CPU.ActiveCfg = Debug|Any CPU
		{B60967B5-8CCE-48FF-BDBD-B876C6519E1C}.Debug|Any CPU.Build.0 = Debug|Any CPU
		{B60967B5-8CCE-48FF-BDBD-B876C6519E1C}.Release|Any CPU.ActiveCfg = Release|Any CPU
		{B60967B5-8CCE-48FF-BDBD-B876C6519E1C}.Release|Any CPU.Build.0 = Release|Any CPU
	EndGlobalSection
	GlobalSection(SolutionProperties) = preSolution
		HideSolutionNode = FALSE
	EndGlobalSection
	GlobalSection(ExtensibilityGlobals) = postSolution
		SolutionGuid = {92F06134-F07D-48E6-8EDD-0DA4C3E26244}
	EndGlobalSection
EndGlobal
